
Microsoft Visual Studio Solution File, Format Version 12.00
# Visual Studio Version 17
VisualStudioVersion = 17.3.32819.101
MinimumVisualStudioVersion = 10.0.40219.1
Project("{FAE04EC0-301F-11D3-BF4B-00C04F79EFBC}") = "OrderSystem", "OrderSystem.csproj", "{BAEF08C2-0213-4646-B8A8-64154FF0FF12}"
EndProject
Global
	GlobalSection(SolutionConfigurationPlatforms) = preSolution
		Debug|Any CPU = Debug|Any CPU
		Release|Any CPU = Release|Any CPU
	EndGlobalSection
	GlobalSection(ProjectConfigurationPlatforms) = postSolution
		{BAEF08C2-0213-4646-B8A8-64154FF0FF12}.Debug|Any CPU.ActiveCfg = Debug|Any CPU
		{BAEF08C2-0213-4646-B8A8-64154FF0FF12}.Debug|Any CPU.Build.0 = Debug|Any CPU
		{BAEF08C2-0213-4646-B8A8-64154FF0FF12}.Release|Any CPU.ActiveCfg = Release|Any CPU
		{BAEF08C2-0213-4646-B8A8-64154FF0FF12}.Release|Any CPU.Build.0 = Release|Any CPU
	EndGlobalSection
	GlobalSection(SolutionProperties) = preSolution
		HideSolutionNode = FALSE
	EndGlobalSection
	GlobalSection(ExtensibilityGlobals) = postSolution
		SolutionGuid = {43F31C73-FA2E-4052-B035-6F4224BA3910}
	EndGlobalSection
EndGlobal
