
Microsoft Visual Studio Solution File, Format Version 12.00
# Visual Studio Version 17
VisualStudioVersion = 17.2.32630.192
MinimumVisualStudioVersion = 10.0.40219.1
Project("{FAE04EC0-301F-11D3-BF4B-00C04F79EFBC}") = "FamilyTree", "FamilyTree.csproj", "{21B05D69-36D9-4C16-889E-4DAC9463388E}"
EndProject
Global
	GlobalSection(SolutionConfigurationPlatforms) = preSolution
		Debug|Any CPU = Debug|Any CPU
		Release|Any CPU = Release|Any CPU
	EndGlobalSection
	GlobalSection(ProjectConfigurationPlatforms) = postSolution
		{21B05D69-36D9-4C16-889E-4DAC9463388E}.Debug|Any CPU.ActiveCfg = Debug|Any CPU
		{21B05D69-36D9-4C16-889E-4DAC9463388E}.Debug|Any CPU.Build.0 = Debug|Any CPU
		{21B05D69-36D9-4C16-889E-4DAC9463388E}.Release|Any CPU.ActiveCfg = Release|Any CPU
		{21B05D69-36D9-4C16-889E-4DAC9463388E}.Release|Any CPU.Build.0 = Release|Any CPU
	EndGlobalSection
	GlobalSection(SolutionProperties) = preSolution
		HideSolutionNode = FALSE
	EndGlobalSection
	GlobalSection(ExtensibilityGlobals) = postSolution
		SolutionGuid = {F87F0A95-52BC-4A90-AF8C-5D5A9694AD37}
	EndGlobalSection
EndGlobal
