
Microsoft Visual Studio Solution File, Format Version 12.00
# Visual Studio Version 17
VisualStudioVersion = 17.2.32630.192
MinimumVisualStudioVersion = 10.0.40219.1
Project("{FAE04EC0-301F-11D3-BF4B-00C04F79EFBC}") = "Calculator", "Calculator.csproj", "{6E3D15AE-E0E3-4101-B9FA-74C04B0C463F}"
EndProject
Project("{FAE04EC0-301F-11D3-BF4B-00C04F79EFBC}") = "TruckUnloading", "..\TruckUnloading\TruckUnloading.csproj", "{B435F35D-08D3-46E3-A933-652CF502D540}"
EndProject
Global
	GlobalSection(SolutionConfigurationPlatforms) = preSolution
		Debug|Any CPU = Debug|Any CPU
		Release|Any CPU = Release|Any CPU
	EndGlobalSection
	GlobalSection(ProjectConfigurationPlatforms) = postSolution
		{6E3D15AE-E0E3-4101-B9FA-74C04B0C463F}.Debug|Any CPU.ActiveCfg = Debug|Any CPU
		{6E3D15AE-E0E3-4101-B9FA-74C04B0C463F}.Debug|Any CPU.Build.0 = Debug|Any CPU
		{6E3D15AE-E0E3-4101-B9FA-74C04B0C463F}.Release|Any CPU.ActiveCfg = Release|Any CPU
		{6E3D15AE-E0E3-4101-B9FA-74C04B0C463F}.Release|Any CPU.Build.0 = Release|Any CPU
		{B435F35D-08D3-46E3-A933-652CF502D540}.Debug|Any CPU.ActiveCfg = Debug|Any CPU
		{B435F35D-08D3-46E3-A933-652CF502D540}.Debug|Any CPU.Build.0 = Debug|Any CPU
		{B435F35D-08D3-46E3-A933-652CF502D540}.Release|Any CPU.ActiveCfg = Release|Any CPU
		{B435F35D-08D3-46E3-A933-652CF502D540}.Release|Any CPU.Build.0 = Release|Any CPU
	EndGlobalSection
	GlobalSection(SolutionProperties) = preSolution
		HideSolutionNode = FALSE
	EndGlobalSection
	GlobalSection(ExtensibilityGlobals) = postSolution
		SolutionGuid = {B2A9D8D1-5B40-4C8F-A838-CE896889A2EA}
	EndGlobalSection
EndGlobal
