
Microsoft Visual Studio Solution File, Format Version 12.00
# Visual Studio Version 17
VisualStudioVersion = 17.2.32630.192
MinimumVisualStudioVersion = 10.0.40219.1
Project("{FAE04EC0-301F-11D3-BF4B-00C04F79EFBC}") = "HelloW", "HelloW.csproj", "{F9CE8741-078F-4122-8795-1F7F651AA4F7}"
EndProject
Global
	GlobalSection(SolutionConfigurationPlatforms) = preSolution
		Debug|Any CPU = Debug|Any CPU
		Release|Any CPU = Release|Any CPU
	EndGlobalSection
	GlobalSection(ProjectConfigurationPlatforms) = postSolution
		{F9CE8741-078F-4122-8795-1F7F651AA4F7}.Debug|Any CPU.ActiveCfg = Debug|Any CPU
		{F9CE8741-078F-4122-8795-1F7F651AA4F7}.Debug|Any CPU.Build.0 = Debug|Any CPU
		{F9CE8741-078F-4122-8795-1F7F651AA4F7}.Release|Any CPU.ActiveCfg = Release|Any CPU
		{F9CE8741-078F-4122-8795-1F7F651AA4F7}.Release|Any CPU.Build.0 = Release|Any CPU
	EndGlobalSection
	GlobalSection(SolutionProperties) = preSolution
		HideSolutionNode = FALSE
	EndGlobalSection
	GlobalSection(ExtensibilityGlobals) = postSolution
		SolutionGuid = {CDE8BA1F-E6B9-42E9-B2E8-2ADD7BD9D938}
	EndGlobalSection
EndGlobal
