
Microsoft Visual Studio Solution File, Format Version 12.00
# Visual Studio Version 17
VisualStudioVersion = 17.3.32819.101
MinimumVisualStudioVersion = 10.0.40219.1
Project("{FAE04EC0-301F-11D3-BF4B-00C04F79EFBC}") = "ToolboxExercise", "ToolboxExercise.csproj", "{148847E3-E42E-4888-9E3D-C9A833A8A05B}"
EndProject
Global
	GlobalSection(SolutionConfigurationPlatforms) = preSolution
		Debug|Any CPU = Debug|Any CPU
		Release|Any CPU = Release|Any CPU
	EndGlobalSection
	GlobalSection(ProjectConfigurationPlatforms) = postSolution
		{148847E3-E42E-4888-9E3D-C9A833A8A05B}.Debug|Any CPU.ActiveCfg = Debug|Any CPU
		{148847E3-E42E-4888-9E3D-C9A833A8A05B}.Debug|Any CPU.Build.0 = Debug|Any CPU
		{148847E3-E42E-4888-9E3D-C9A833A8A05B}.Release|Any CPU.ActiveCfg = Release|Any CPU
		{148847E3-E42E-4888-9E3D-C9A833A8A05B}.Release|Any CPU.Build.0 = Release|Any CPU
	EndGlobalSection
	GlobalSection(SolutionProperties) = preSolution
		HideSolutionNode = FALSE
	EndGlobalSection
	GlobalSection(ExtensibilityGlobals) = postSolution
		SolutionGuid = {FD154ED5-E19B-45F0-8619-C6E5B694AE54}
	EndGlobalSection
EndGlobal
