
Microsoft Visual Studio Solution File, Format Version 12.00
# Visual Studio Version 17
VisualStudioVersion = 17.3.32819.101
MinimumVisualStudioVersion = 10.0.40219.1
Project("{FAE04EC0-301F-11D3-BF4B-00C04F79EFBC}") = "Putni", "Putni.csproj", "{43D8332C-3E00-469B-A580-64C7B94F7B07}"
EndProject
Global
	GlobalSection(SolutionConfigurationPlatforms) = preSolution
		Debug|Any CPU = Debug|Any CPU
		Release|Any CPU = Release|Any CPU
	EndGlobalSection
	GlobalSection(ProjectConfigurationPlatforms) = postSolution
		{43D8332C-3E00-469B-A580-64C7B94F7B07}.Debug|Any CPU.ActiveCfg = Debug|Any CPU
		{43D8332C-3E00-469B-A580-64C7B94F7B07}.Debug|Any CPU.Build.0 = Debug|Any CPU
		{43D8332C-3E00-469B-A580-64C7B94F7B07}.Release|Any CPU.ActiveCfg = Release|Any CPU
		{43D8332C-3E00-469B-A580-64C7B94F7B07}.Release|Any CPU.Build.0 = Release|Any CPU
	EndGlobalSection
	GlobalSection(SolutionProperties) = preSolution
		HideSolutionNode = FALSE
	EndGlobalSection
	GlobalSection(ExtensibilityGlobals) = postSolution
		SolutionGuid = {0247BCC2-6D2F-4BD6-9FFF-30FA5E7FC505}
	EndGlobalSection
EndGlobal
