
Microsoft Visual Studio Solution File, Format Version 12.00
# Visual Studio Version 17
VisualStudioVersion = 17.3.32819.101
MinimumVisualStudioVersion = 10.0.40219.1
Project("{FAE04EC0-301F-11D3-BF4B-00C04F79EFBC}") = "OnlineDating", "OnlineDating.csproj", "{C13FA0B9-D57E-4F12-B424-54CE5E6764BD}"
EndProject
Global
	GlobalSection(SolutionConfigurationPlatforms) = preSolution
		Debug|Any CPU = Debug|Any CPU
		Release|Any CPU = Release|Any CPU
	EndGlobalSection
	GlobalSection(ProjectConfigurationPlatforms) = postSolution
		{C13FA0B9-D57E-4F12-B424-54CE5E6764BD}.Debug|Any CPU.ActiveCfg = Debug|Any CPU
		{C13FA0B9-D57E-4F12-B424-54CE5E6764BD}.Debug|Any CPU.Build.0 = Debug|Any CPU
		{C13FA0B9-D57E-4F12-B424-54CE5E6764BD}.Release|Any CPU.ActiveCfg = Release|Any CPU
		{C13FA0B9-D57E-4F12-B424-54CE5E6764BD}.Release|Any CPU.Build.0 = Release|Any CPU
	EndGlobalSection
	GlobalSection(SolutionProperties) = preSolution
		HideSolutionNode = FALSE
	EndGlobalSection
	GlobalSection(ExtensibilityGlobals) = postSolution
		SolutionGuid = {DBC74221-DA84-46C5-B2AB-EF2F8AAA66D4}
	EndGlobalSection
EndGlobal
