
Microsoft Visual Studio Solution File, Format Version 12.00
# Visual Studio Version 17
VisualStudioVersion = 17.3.32819.101
MinimumVisualStudioVersion = 10.0.40219.1
Project("{FAE04EC0-301F-11D3-BF4B-00C04F79EFBC}") = "TheLottery", "TheLottery.csproj", "{BDBE53D3-F89A-4323-93E0-A71DBF093CA7}"
EndProject
Global
	GlobalSection(SolutionConfigurationPlatforms) = preSolution
		Debug|Any CPU = Debug|Any CPU
		Release|Any CPU = Release|Any CPU
	EndGlobalSection
	GlobalSection(ProjectConfigurationPlatforms) = postSolution
		{BDBE53D3-F89A-4323-93E0-A71DBF093CA7}.Debug|Any CPU.ActiveCfg = Debug|Any CPU
		{BDBE53D3-F89A-4323-93E0-A71DBF093CA7}.Debug|Any CPU.Build.0 = Debug|Any CPU
		{BDBE53D3-F89A-4323-93E0-A71DBF093CA7}.Release|Any CPU.ActiveCfg = Release|Any CPU
		{BDBE53D3-F89A-4323-93E0-A71DBF093CA7}.Release|Any CPU.Build.0 = Release|Any CPU
	EndGlobalSection
	GlobalSection(SolutionProperties) = preSolution
		HideSolutionNode = FALSE
	EndGlobalSection
	GlobalSection(ExtensibilityGlobals) = postSolution
		SolutionGuid = {122FE917-C834-400D-8D4D-E01809DC7464}
	EndGlobalSection
EndGlobal
