
Microsoft Visual Studio Solution File, Format Version 12.00
# Visual Studio Version 17
VisualStudioVersion = 17.3.32819.101
MinimumVisualStudioVersion = 10.0.40219.1
Project("{FAE04EC0-301F-11D3-BF4B-00C04F79EFBC}") = "HeronsFormula", "HeronsFormula.csproj", "{4D50A2A0-9E38-4B69-A73B-810CA9253275}"
EndProject
Global
	GlobalSection(SolutionConfigurationPlatforms) = preSolution
		Debug|Any CPU = Debug|Any CPU
		Release|Any CPU = Release|Any CPU
	EndGlobalSection
	GlobalSection(ProjectConfigurationPlatforms) = postSolution
		{4D50A2A0-9E38-4B69-A73B-810CA9253275}.Debug|Any CPU.ActiveCfg = Debug|Any CPU
		{4D50A2A0-9E38-4B69-A73B-810CA9253275}.Debug|Any CPU.Build.0 = Debug|Any CPU
		{4D50A2A0-9E38-4B69-A73B-810CA9253275}.Release|Any CPU.ActiveCfg = Release|Any CPU
		{4D50A2A0-9E38-4B69-A73B-810CA9253275}.Release|Any CPU.Build.0 = Release|Any CPU
	EndGlobalSection
	GlobalSection(SolutionProperties) = preSolution
		HideSolutionNode = FALSE
	EndGlobalSection
	GlobalSection(ExtensibilityGlobals) = postSolution
		SolutionGuid = {2CC4ACBA-AB53-4B93-A99C-EA744C21F27A}
	EndGlobalSection
EndGlobal
